
Microsoft Visual Studio Solution File, Format Version 12.00
# Visual Studio 15
VisualStudioVersion = 15.0.28307.421
MinimumVisualStudioVersion = 10.0.40219.1
Project("{FAE04EC0-301F-11D3-BF4B-00C04F79EFBC}") = "HSpider.Web", "HSpider.Web\HSpider.Web.csproj", "{4C562795-24CC-4520-9B9A-2DB4FF31FF36}"
EndProject
Global
	GlobalSection(SolutionConfigurationPlatforms) = preSolution
		Debug|Any CPU = Debug|Any CPU
		Release|Any CPU = Release|Any CPU
	EndGlobalSection
	GlobalSection(ProjectConfigurationPlatforms) = postSolution
		{4C562795-24CC-4520-9B9A-2DB4FF31FF36}.Debug|Any CPU.ActiveCfg = Debug|Any CPU
		{4C562795-24CC-4520-9B9A-2DB4FF31FF36}.Debug|Any CPU.Build.0 = Debug|Any CPU
		{4C562795-24CC-4520-9B9A-2DB4FF31FF36}.Release|Any CPU.ActiveCfg = Release|Any CPU
		{4C562795-24CC-4520-9B9A-2DB4FF31FF36}.Release|Any CPU.Build.0 = Release|Any CPU
	EndGlobalSection
	GlobalSection(SolutionProperties) = preSolution
		HideSolutionNode = FALSE
	EndGlobalSection
	GlobalSection(ExtensibilityGlobals) = postSolution
		SolutionGuid = {531527AE-524E-4A22-8C03-113697C2F8FA}
	EndGlobalSection
EndGlobal
